{
  "version": 4,
  "terraform_version": "1.14.3",
  "serial": 93,
  "lineage": "27c3b818-9717-b7da-889b-524cac1de499",
  "outputs": {
    "gateway_public_ip": {
      "value": "34.14.74.12",
      "type": "string"
    },
    "master_private_ip": {
      "value": "10.240.0.10",
      "type": "string"
    },
    "workers_private_ips": {
      "value": [
        "10.240.0.3",
        "10.240.0.5",
        "10.240.0.4"
      ],
      "type": [
        "tuple",
        [
          "string",
          "string",
          "string"
        ]
      ]
    }
  },
  "resources": [
    {
      "mode": "managed",
      "type": "google_compute_firewall",
      "name": "allow_web",
      "provider": "provider[\"registry.terraform.io/hashicorp/google\"]",
      "instances": [
        {
          "schema_version": 1,
          "attributes": {
            "allow": [
              {
                "ports": [
                  "80",
                  "443",
                  "30000-32767"
                ],
                "protocol": "tcp"
              }
            ],
            "creation_timestamp": "2026-01-29T13:47:22.787-08:00",
            "deny": [],
            "description": "",
            "destination_ranges": [],
            "direction": "INGRESS",
            "disabled": false,
            "enable_logging": null,
            "id": "projects/sdtd-2/global/firewalls/allow-web-traffic",
            "log_config": [],
            "name": "allow-web-traffic",
            "network": "https://www.googleapis.com/compute/v1/projects/sdtd-2/global/networks/k8s-vpc",
            "params": [],
            "priority": 1000,
            "project": "sdtd-2",
            "self_link": "https://www.googleapis.com/compute/v1/projects/sdtd-2/global/firewalls/allow-web-traffic",
            "source_ranges": [
              "0.0.0.0/0"
            ],
            "source_service_accounts": null,
            "source_tags": null,
            "target_service_accounts": null,
            "target_tags": [
              "master",
              "worker"
            ],
            "timeouts": null
          },
          "sensitive_attributes": [],
          "identity_schema_version": 0,
          "private": "eyJlMmJmYjczMC1lY2FhLTExZTYtOGY4OC0zNDM2M2JjN2M0YzAiOnsiY3JlYXRlIjoxMjAwMDAwMDAwMDAwLCJkZWxldGUiOjEyMDAwMDAwMDAwMDAsInVwZGF0ZSI6MTIwMDAwMDAwMDAwMH0sInNjaGVtYV92ZXJzaW9uIjoiMSJ9",
          "dependencies": [
            "google_compute_network.vpc"
          ]
        }
      ]
    },
    {
      "mode": "managed",
      "type": "google_compute_firewall",
      "name": "internal",
      "provider": "provider[\"registry.terraform.io/hashicorp/google\"]",
      "instances": [
        {
          "schema_version": 1,
          "attributes": {
            "allow": [
              {
                "ports": [
                  "0-65535"
                ],
                "protocol": "tcp"
              },
              {
                "ports": [
                  "0-65535"
                ],
                "protocol": "udp"
              },
              {
                "ports": [],
                "protocol": "icmp"
              },
              {
                "ports": [],
                "protocol": "ipip"
              }
            ],
            "creation_timestamp": "2026-01-29T13:47:22.772-08:00",
            "deny": [],
            "description": "",
            "destination_ranges": [],
            "direction": "INGRESS",
            "disabled": false,
            "enable_logging": null,
            "id": "projects/sdtd-2/global/firewalls/allow-internal",
            "log_config": [],
            "name": "allow-internal",
            "network": "https://www.googleapis.com/compute/v1/projects/sdtd-2/global/networks/k8s-vpc",
            "params": [],
            "priority": 1000,
            "project": "sdtd-2",
            "self_link": "https://www.googleapis.com/compute/v1/projects/sdtd-2/global/firewalls/allow-internal",
            "source_ranges": [
              "10.240.0.0/24",
              "192.168.0.0/16"
            ],
            "source_service_accounts": null,
            "source_tags": null,
            "target_service_accounts": null,
            "target_tags": null,
            "timeouts": null
          },
          "sensitive_attributes": [],
          "identity_schema_version": 0,
          "private": "eyJlMmJmYjczMC1lY2FhLTExZTYtOGY4OC0zNDM2M2JjN2M0YzAiOnsiY3JlYXRlIjoxMjAwMDAwMDAwMDAwLCJkZWxldGUiOjEyMDAwMDAwMDAwMDAsInVwZGF0ZSI6MTIwMDAwMDAwMDAwMH0sInNjaGVtYV92ZXJzaW9uIjoiMSJ9",
          "dependencies": [
            "google_compute_network.vpc"
          ]
        }
      ]
    },
    {
      "mode": "managed",
      "type": "google_compute_firewall",
      "name": "ssh",
      "provider": "provider[\"registry.terraform.io/hashicorp/google\"]",
      "instances": [
        {
          "schema_version": 1,
          "attributes": {
            "allow": [
              {
                "ports": [
                  "22"
                ],
                "protocol": "tcp"
              }
            ],
            "creation_timestamp": "2026-01-29T13:47:22.261-08:00",
            "deny": [],
            "description": "",
            "destination_ranges": [],
            "direction": "INGRESS",
            "disabled": false,
            "enable_logging": null,
            "id": "projects/sdtd-2/global/firewalls/allow-ssh-gateway",
            "log_config": [],
            "name": "allow-ssh-gateway",
            "network": "https://www.googleapis.com/compute/v1/projects/sdtd-2/global/networks/k8s-vpc",
            "params": [],
            "priority": 1000,
            "project": "sdtd-2",
            "self_link": "https://www.googleapis.com/compute/v1/projects/sdtd-2/global/firewalls/allow-ssh-gateway",
            "source_ranges": [
              "0.0.0.0/0"
            ],
            "source_service_accounts": null,
            "source_tags": null,
            "target_service_accounts": null,
            "target_tags": [
              "gateway"
            ],
            "timeouts": null
          },
          "sensitive_attributes": [],
          "identity_schema_version": 0,
          "private": "eyJlMmJmYjczMC1lY2FhLTExZTYtOGY4OC0zNDM2M2JjN2M0YzAiOnsiY3JlYXRlIjoxMjAwMDAwMDAwMDAwLCJkZWxldGUiOjEyMDAwMDAwMDAwMDAsInVwZGF0ZSI6MTIwMDAwMDAwMDAwMH0sInNjaGVtYV92ZXJzaW9uIjoiMSJ9",
          "dependencies": [
            "google_compute_network.vpc"
          ]
        }
      ]
    },
    {
      "mode": "managed",
      "type": "google_compute_instance",
      "name": "gateway",
      "provider": "provider[\"registry.terraform.io/hashicorp/google\"]",
      "instances": [
        {
          "schema_version": 6,
          "attributes": {
            "advanced_machine_features": [],
            "allow_stopping_for_update": null,
            "attached_disk": [],
            "boot_disk": [
              {
                "auto_delete": true,
                "device_name": "persistent-disk-0",
                "disk_encryption_key_raw": "",
                "disk_encryption_key_rsa": "",
                "disk_encryption_key_sha256": "",
                "disk_encryption_service_account": "",
                "force_attach": false,
                "guest_os_features": [
                  "VIRTIO_SCSI_MULTIQUEUE",
                  "SEV_CAPABLE",
                  "SEV_SNP_CAPABLE",
                  "SEV_LIVE_MIGRATABLE",
                  "SEV_LIVE_MIGRATABLE_V2",
                  "IDPF",
                  "TDX_CAPABLE",
                  "UEFI_COMPATIBLE",
                  "GVNIC"
                ],
                "initialize_params": [
                  {
                    "architecture": "X86_64",
                    "enable_confidential_compute": false,
                    "image": "https://www.googleapis.com/compute/v1/projects/ubuntu-os-cloud/global/images/ubuntu-2204-jammy-v20260128",
                    "labels": {},
                    "provisioned_iops": 0,
                    "provisioned_throughput": 0,
                    "resource_manager_tags": null,
                    "resource_policies": [],
                    "size": 10,
                    "snapshot": "",
                    "source_image_encryption_key": [],
                    "source_snapshot_encryption_key": [],
                    "storage_pool": "",
                    "type": "pd-ssd"
                  }
                ],
                "interface": "",
                "kms_key_self_link": "",
                "mode": "READ_WRITE",
                "source": "https://www.googleapis.com/compute/v1/projects/sdtd-2/zones/europe-west1-b/disks/gateway"
              }
            ],
            "can_ip_forward": false,
            "confidential_instance_config": [],
            "cpu_platform": "Intel Broadwell",
            "creation_timestamp": "2026-01-29T13:47:44.332-08:00",
            "current_status": "RUNNING",
            "deletion_protection": false,
            "description": "",
            "desired_status": null,
            "effective_labels": {
              "goog-terraform-provisioned": "true"
            },
            "enable_display": false,
            "guest_accelerator": [],
            "hostname": "",
            "id": "projects/sdtd-2/zones/europe-west1-b/instances/gateway",
            "instance_encryption_key": [],
            "instance_id": "5173285967927602031",
            "key_revocation_action_type": "",
            "label_fingerprint": "vezUS-42LLM=",
            "labels": null,
            "machine_type": "e2-medium",
            "metadata": {
              "ssh-keys": "ubuntu:ssh-rsa AAAAB3NzaC1yc2EAAAADAQABAAACAQC4nf5mv5R7EQVBMB11LBxm8Sf1U0hWrOpZ2AvoO/Ab0BjtRJGmSJjAl8FZYN1VRnWGPcmbOco5THImENmmcDvuMVywbuo+91wCfjXlbwkzHHPU83OfYpSGJPIJ8uHbCOj7XBsk2k/QSHHNIDUO6toYkBcg/ThOGlMqZjMrjGsDzCpT9lAnBRJG2veQqU2AGdKqLoiiLlk8skuG9KiJ7lffWDd99AAWzrRfAsLslyobXAgfSp1keABX6vhx7I8fcs1zXAphK78payf3LFci6PLe9F5DExEVv96yGO29G8S46SNqn1Urm/vhwW3vYseGoDqHYQGH13yW8u8dvREiaKZhdxb4zqEx+rviLae5y5MVsFHZ6rL2IMzhGxCOzv2uMRwbxVOwjiPEoz4pTQ+cTj4AV+Dsi2Jm5vYHiKKt0yn5BbIszbKgx/1g9aghPngeaSC4xZAVHOC7k+TbpYvF0l2/I36UMM3r9Ghz/X6uaU66aCg8an1whywIKlSdZK86W+wSWsC7mjULhW5D4eWQAtGzRjA8FZmS4zzV+xEWlaMyUTjqEYAw4euFLcBSY3W8WtCfErNqjHmUKU4Ean7VszXv72hyVCBKfMt1v9l2c9Djb9rIxPn5SQqW11YVie0FiZBfUgnShp92jO5k7pcAqP41fICzUihE+GtvJF0FVgCkow==\n"
            },
            "metadata_fingerprint": "lq3hy7bEwa0=",
            "metadata_startup_script": null,
            "min_cpu_platform": "",
            "name": "gateway",
            "network_interface": [
              {
                "access_config": [
                  {
                    "nat_ip": "34.14.74.12",
                    "network_tier": "PREMIUM",
                    "public_ptr_domain_name": ""
                  }
                ],
                "alias_ip_range": [],
                "internal_ipv6_prefix_length": 0,
                "ipv6_access_config": [],
                "ipv6_access_type": "",
                "ipv6_address": "",
                "name": "nic0",
                "network": "https://www.googleapis.com/compute/v1/projects/sdtd-2/global/networks/k8s-vpc",
                "network_attachment": "",
                "network_ip": "10.240.0.2",
                "nic_type": "",
                "queue_count": 0,
                "stack_type": "IPV4_ONLY",
                "subnetwork": "https://www.googleapis.com/compute/v1/projects/sdtd-2/regions/europe-west1/subnetworks/k8s-subnet",
                "subnetwork_project": "sdtd-2"
              }
            ],
            "network_performance_config": [],
            "params": [],
            "project": "sdtd-2",
            "reservation_affinity": [],
            "resource_policies": null,
            "scheduling": [
              {
                "automatic_restart": true,
                "availability_domain": 0,
                "instance_termination_action": "",
                "local_ssd_recovery_timeout": [],
                "max_run_duration": [],
                "min_node_cpus": 0,
                "node_affinities": [],
                "on_host_maintenance": "MIGRATE",
                "on_instance_stop_action": [],
                "preemptible": false,
                "provisioning_model": "STANDARD",
                "termination_time": ""
              }
            ],
            "scratch_disk": [],
            "self_link": "https://www.googleapis.com/compute/v1/projects/sdtd-2/zones/europe-west1-b/instances/gateway",
            "service_account": [],
            "shielded_instance_config": [
              {
                "enable_integrity_monitoring": true,
                "enable_secure_boot": false,
                "enable_vtpm": true
              }
            ],
            "tags": [
              "gateway"
            ],
            "tags_fingerprint": "UrM6jlsUTDs=",
            "terraform_labels": {
              "goog-terraform-provisioned": "true"
            },
            "timeouts": null,
            "zone": "europe-west1-b"
          },
          "sensitive_attributes": [
            [
              {
                "type": "get_attr",
                "value": "boot_disk"
              },
              {
                "type": "index",
                "value": {
                  "value": 0,
                  "type": "number"
                }
              },
              {
                "type": "get_attr",
                "value": "disk_encryption_key_raw"
              }
            ],
            [
              {
                "type": "get_attr",
                "value": "boot_disk"
              },
              {
                "type": "index",
                "value": {
                  "value": 0,
                  "type": "number"
                }
              },
              {
                "type": "get_attr",
                "value": "disk_encryption_key_rsa"
              }
            ]
          ],
          "identity_schema_version": 0,
          "private": "eyJlMmJmYjczMC1lY2FhLTExZTYtOGY4OC0zNDM2M2JjN2M0YzAiOnsiY3JlYXRlIjoxMjAwMDAwMDAwMDAwLCJkZWxldGUiOjEyMDAwMDAwMDAwMDAsInVwZGF0ZSI6MTIwMDAwMDAwMDAwMH0sInNjaGVtYV92ZXJzaW9uIjoiNiJ9",
          "dependencies": [
            "google_compute_network.vpc",
            "google_compute_subnetwork.subnet",
            "tls_private_key.ssh_key"
          ]
        }
      ]
    },
    {
      "mode": "managed",
      "type": "google_compute_instance",
      "name": "master",
      "provider": "provider[\"registry.terraform.io/hashicorp/google\"]",
      "instances": [
        {
          "schema_version": 6,
          "attributes": {
            "advanced_machine_features": [],
            "allow_stopping_for_update": null,
            "attached_disk": [],
            "boot_disk": [
              {
                "auto_delete": true,
                "device_name": "persistent-disk-0",
                "disk_encryption_key_raw": "",
                "disk_encryption_key_rsa": "",
                "disk_encryption_key_sha256": "",
                "disk_encryption_service_account": "",
                "force_attach": false,
                "guest_os_features": [
                  "VIRTIO_SCSI_MULTIQUEUE",
                  "SEV_CAPABLE",
                  "SEV_SNP_CAPABLE",
                  "SEV_LIVE_MIGRATABLE",
                  "SEV_LIVE_MIGRATABLE_V2",
                  "IDPF",
                  "TDX_CAPABLE",
                  "UEFI_COMPATIBLE",
                  "GVNIC"
                ],
                "initialize_params": [
                  {
                    "architecture": "X86_64",
                    "enable_confidential_compute": false,
                    "image": "https://www.googleapis.com/compute/v1/projects/ubuntu-os-cloud/global/images/ubuntu-2204-jammy-v20260128",
                    "labels": {},
                    "provisioned_iops": 0,
                    "provisioned_throughput": 0,
                    "resource_manager_tags": null,
                    "resource_policies": [],
                    "size": 50,
                    "snapshot": "",
                    "source_image_encryption_key": [],
                    "source_snapshot_encryption_key": [],
                    "storage_pool": "",
                    "type": "pd-standard"
                  }
                ],
                "interface": "",
                "kms_key_self_link": "",
                "mode": "READ_WRITE",
                "source": "https://www.googleapis.com/compute/v1/projects/sdtd-2/zones/europe-west1-b/disks/master"
              }
            ],
            "can_ip_forward": false,
            "confidential_instance_config": [],
            "cpu_platform": "Intel Broadwell",
            "creation_timestamp": "2026-01-29T13:47:44.612-08:00",
            "current_status": "RUNNING",
            "deletion_protection": false,
            "description": "",
            "desired_status": null,
            "effective_labels": {
              "goog-terraform-provisioned": "true"
            },
            "enable_display": false,
            "guest_accelerator": [],
            "hostname": "",
            "id": "projects/sdtd-2/zones/europe-west1-b/instances/master",
            "instance_encryption_key": [],
            "instance_id": "8099702247620242287",
            "key_revocation_action_type": "",
            "label_fingerprint": "vezUS-42LLM=",
            "labels": null,
            "machine_type": "e2-standard-2",
            "metadata": {
              "ssh-keys": "ubuntu:ssh-rsa AAAAB3NzaC1yc2EAAAADAQABAAACAQC4nf5mv5R7EQVBMB11LBxm8Sf1U0hWrOpZ2AvoO/Ab0BjtRJGmSJjAl8FZYN1VRnWGPcmbOco5THImENmmcDvuMVywbuo+91wCfjXlbwkzHHPU83OfYpSGJPIJ8uHbCOj7XBsk2k/QSHHNIDUO6toYkBcg/ThOGlMqZjMrjGsDzCpT9lAnBRJG2veQqU2AGdKqLoiiLlk8skuG9KiJ7lffWDd99AAWzrRfAsLslyobXAgfSp1keABX6vhx7I8fcs1zXAphK78payf3LFci6PLe9F5DExEVv96yGO29G8S46SNqn1Urm/vhwW3vYseGoDqHYQGH13yW8u8dvREiaKZhdxb4zqEx+rviLae5y5MVsFHZ6rL2IMzhGxCOzv2uMRwbxVOwjiPEoz4pTQ+cTj4AV+Dsi2Jm5vYHiKKt0yn5BbIszbKgx/1g9aghPngeaSC4xZAVHOC7k+TbpYvF0l2/I36UMM3r9Ghz/X6uaU66aCg8an1whywIKlSdZK86W+wSWsC7mjULhW5D4eWQAtGzRjA8FZmS4zzV+xEWlaMyUTjqEYAw4euFLcBSY3W8WtCfErNqjHmUKU4Ean7VszXv72hyVCBKfMt1v9l2c9Djb9rIxPn5SQqW11YVie0FiZBfUgnShp92jO5k7pcAqP41fICzUihE+GtvJF0FVgCkow==\n"
            },
            "metadata_fingerprint": "lq3hy7bEwa0=",
            "metadata_startup_script": null,
            "min_cpu_platform": "",
            "name": "master",
            "network_interface": [
              {
                "access_config": [],
                "alias_ip_range": [],
                "internal_ipv6_prefix_length": 0,
                "ipv6_access_config": [],
                "ipv6_access_type": "",
                "ipv6_address": "",
                "name": "nic0",
                "network": "https://www.googleapis.com/compute/v1/projects/sdtd-2/global/networks/k8s-vpc",
                "network_attachment": "",
                "network_ip": "10.240.0.10",
                "nic_type": "",
                "queue_count": 0,
                "stack_type": "IPV4_ONLY",
                "subnetwork": "https://www.googleapis.com/compute/v1/projects/sdtd-2/regions/europe-west1/subnetworks/k8s-subnet",
                "subnetwork_project": "sdtd-2"
              }
            ],
            "network_performance_config": [],
            "params": [],
            "project": "sdtd-2",
            "reservation_affinity": [],
            "resource_policies": null,
            "scheduling": [
              {
                "automatic_restart": true,
                "availability_domain": 0,
                "instance_termination_action": "",
                "local_ssd_recovery_timeout": [],
                "max_run_duration": [],
                "min_node_cpus": 0,
                "node_affinities": [],
                "on_host_maintenance": "MIGRATE",
                "on_instance_stop_action": [],
                "preemptible": false,
                "provisioning_model": "STANDARD",
                "termination_time": ""
              }
            ],
            "scratch_disk": [],
            "self_link": "https://www.googleapis.com/compute/v1/projects/sdtd-2/zones/europe-west1-b/instances/master",
            "service_account": [],
            "shielded_instance_config": [
              {
                "enable_integrity_monitoring": true,
                "enable_secure_boot": false,
                "enable_vtpm": true
              }
            ],
            "tags": [
              "master"
            ],
            "tags_fingerprint": "4y7qQ8dL1yM=",
            "terraform_labels": {
              "goog-terraform-provisioned": "true"
            },
            "timeouts": null,
            "zone": "europe-west1-b"
          },
          "sensitive_attributes": [
            [
              {
                "type": "get_attr",
                "value": "boot_disk"
              },
              {
                "type": "index",
                "value": {
                  "value": 0,
                  "type": "number"
                }
              },
              {
                "type": "get_attr",
                "value": "disk_encryption_key_raw"
              }
            ],
            [
              {
                "type": "get_attr",
                "value": "boot_disk"
              },
              {
                "type": "index",
                "value": {
                  "value": 0,
                  "type": "number"
                }
              },
              {
                "type": "get_attr",
                "value": "disk_encryption_key_rsa"
              }
            ]
          ],
          "identity_schema_version": 0,
          "private": "eyJlMmJmYjczMC1lY2FhLTExZTYtOGY4OC0zNDM2M2JjN2M0YzAiOnsiY3JlYXRlIjoxMjAwMDAwMDAwMDAwLCJkZWxldGUiOjEyMDAwMDAwMDAwMDAsInVwZGF0ZSI6MTIwMDAwMDAwMDAwMH0sInNjaGVtYV92ZXJzaW9uIjoiNiJ9",
          "dependencies": [
            "google_compute_network.vpc",
            "google_compute_subnetwork.subnet",
            "tls_private_key.ssh_key"
          ]
        }
      ]
    },
    {
      "mode": "managed",
      "type": "google_compute_instance",
      "name": "worker",
      "provider": "provider[\"registry.terraform.io/hashicorp/google\"]",
      "instances": [
        {
          "index_key": 0,
          "schema_version": 6,
          "attributes": {
            "advanced_machine_features": [],
            "allow_stopping_for_update": null,
            "attached_disk": [],
            "boot_disk": [
              {
                "auto_delete": true,
                "device_name": "persistent-disk-0",
                "disk_encryption_key_raw": "",
                "disk_encryption_key_rsa": "",
                "disk_encryption_key_sha256": "",
                "disk_encryption_service_account": "",
                "force_attach": false,
                "guest_os_features": [
                  "VIRTIO_SCSI_MULTIQUEUE",
                  "SEV_CAPABLE",
                  "SEV_SNP_CAPABLE",
                  "SEV_LIVE_MIGRATABLE",
                  "SEV_LIVE_MIGRATABLE_V2",
                  "IDPF",
                  "TDX_CAPABLE",
                  "UEFI_COMPATIBLE",
                  "GVNIC"
                ],
                "initialize_params": [
                  {
                    "architecture": "X86_64",
                    "enable_confidential_compute": false,
                    "image": "https://www.googleapis.com/compute/v1/projects/ubuntu-os-cloud/global/images/ubuntu-2204-jammy-v20260128",
                    "labels": {},
                    "provisioned_iops": 0,
                    "provisioned_throughput": 0,
                    "resource_manager_tags": null,
                    "resource_policies": [],
                    "size": 100,
                    "snapshot": "",
                    "source_image_encryption_key": [],
                    "source_snapshot_encryption_key": [],
                    "storage_pool": "",
                    "type": "pd-standard"
                  }
                ],
                "interface": "",
                "kms_key_self_link": "",
                "mode": "READ_WRITE",
                "source": "https://www.googleapis.com/compute/v1/projects/sdtd-2/zones/europe-west1-b/disks/node-0"
              }
            ],
            "can_ip_forward": false,
            "confidential_instance_config": [],
            "cpu_platform": "Intel Broadwell",
            "creation_timestamp": "2026-01-29T13:47:44.512-08:00",
            "current_status": "RUNNING",
            "deletion_protection": false,
            "description": "",
            "desired_status": null,
            "effective_labels": {
              "goog-terraform-provisioned": "true"
            },
            "enable_display": false,
            "guest_accelerator": [],
            "hostname": "",
            "id": "projects/sdtd-2/zones/europe-west1-b/instances/node-0",
            "instance_encryption_key": [],
            "instance_id": "6019542761740856175",
            "key_revocation_action_type": "",
            "label_fingerprint": "vezUS-42LLM=",
            "labels": null,
            "machine_type": "e2-standard-4",
            "metadata": {
              "ssh-keys": "ubuntu:ssh-rsa AAAAB3NzaC1yc2EAAAADAQABAAACAQC4nf5mv5R7EQVBMB11LBxm8Sf1U0hWrOpZ2AvoO/Ab0BjtRJGmSJjAl8FZYN1VRnWGPcmbOco5THImENmmcDvuMVywbuo+91wCfjXlbwkzHHPU83OfYpSGJPIJ8uHbCOj7XBsk2k/QSHHNIDUO6toYkBcg/ThOGlMqZjMrjGsDzCpT9lAnBRJG2veQqU2AGdKqLoiiLlk8skuG9KiJ7lffWDd99AAWzrRfAsLslyobXAgfSp1keABX6vhx7I8fcs1zXAphK78payf3LFci6PLe9F5DExEVv96yGO29G8S46SNqn1Urm/vhwW3vYseGoDqHYQGH13yW8u8dvREiaKZhdxb4zqEx+rviLae5y5MVsFHZ6rL2IMzhGxCOzv2uMRwbxVOwjiPEoz4pTQ+cTj4AV+Dsi2Jm5vYHiKKt0yn5BbIszbKgx/1g9aghPngeaSC4xZAVHOC7k+TbpYvF0l2/I36UMM3r9Ghz/X6uaU66aCg8an1whywIKlSdZK86W+wSWsC7mjULhW5D4eWQAtGzRjA8FZmS4zzV+xEWlaMyUTjqEYAw4euFLcBSY3W8WtCfErNqjHmUKU4Ean7VszXv72hyVCBKfMt1v9l2c9Djb9rIxPn5SQqW11YVie0FiZBfUgnShp92jO5k7pcAqP41fICzUihE+GtvJF0FVgCkow==\n"
            },
            "metadata_fingerprint": "lq3hy7bEwa0=",
            "metadata_startup_script": null,
            "min_cpu_platform": "",
            "name": "node-0",
            "network_interface": [
              {
                "access_config": [],
                "alias_ip_range": [],
                "internal_ipv6_prefix_length": 0,
                "ipv6_access_config": [],
                "ipv6_access_type": "",
                "ipv6_address": "",
                "name": "nic0",
                "network": "https://www.googleapis.com/compute/v1/projects/sdtd-2/global/networks/k8s-vpc",
                "network_attachment": "",
                "network_ip": "10.240.0.3",
                "nic_type": "",
                "queue_count": 0,
                "stack_type": "IPV4_ONLY",
                "subnetwork": "https://www.googleapis.com/compute/v1/projects/sdtd-2/regions/europe-west1/subnetworks/k8s-subnet",
                "subnetwork_project": "sdtd-2"
              }
            ],
            "network_performance_config": [],
            "params": [],
            "project": "sdtd-2",
            "reservation_affinity": [],
            "resource_policies": null,
            "scheduling": [
              {
                "automatic_restart": true,
                "availability_domain": 0,
                "instance_termination_action": "",
                "local_ssd_recovery_timeout": [],
                "max_run_duration": [],
                "min_node_cpus": 0,
                "node_affinities": [],
                "on_host_maintenance": "MIGRATE",
                "on_instance_stop_action": [],
                "preemptible": false,
                "provisioning_model": "STANDARD",
                "termination_time": ""
              }
            ],
            "scratch_disk": [],
            "self_link": "https://www.googleapis.com/compute/v1/projects/sdtd-2/zones/europe-west1-b/instances/node-0",
            "service_account": [],
            "shielded_instance_config": [
              {
                "enable_integrity_monitoring": true,
                "enable_secure_boot": false,
                "enable_vtpm": true
              }
            ],
            "tags": [
              "worker"
            ],
            "tags_fingerprint": "uvqiNQvnefU=",
            "terraform_labels": {
              "goog-terraform-provisioned": "true"
            },
            "timeouts": null,
            "zone": "europe-west1-b"
          },
          "sensitive_attributes": [
            [
              {
                "type": "get_attr",
                "value": "boot_disk"
              },
              {
                "type": "index",
                "value": {
                  "value": 0,
                  "type": "number"
                }
              },
              {
                "type": "get_attr",
                "value": "disk_encryption_key_raw"
              }
            ],
            [
              {
                "type": "get_attr",
                "value": "boot_disk"
              },
              {
                "type": "index",
                "value": {
                  "value": 0,
                  "type": "number"
                }
              },
              {
                "type": "get_attr",
                "value": "disk_encryption_key_rsa"
              }
            ]
          ],
          "identity_schema_version": 0,
          "private": "eyJlMmJmYjczMC1lY2FhLTExZTYtOGY4OC0zNDM2M2JjN2M0YzAiOnsiY3JlYXRlIjoxMjAwMDAwMDAwMDAwLCJkZWxldGUiOjEyMDAwMDAwMDAwMDAsInVwZGF0ZSI6MTIwMDAwMDAwMDAwMH0sInNjaGVtYV92ZXJzaW9uIjoiNiJ9",
          "dependencies": [
            "google_compute_network.vpc",
            "google_compute_subnetwork.subnet",
            "tls_private_key.ssh_key"
          ]
        },
        {
          "index_key": 1,
          "schema_version": 6,
          "attributes": {
            "advanced_machine_features": [],
            "allow_stopping_for_update": null,
            "attached_disk": [],
            "boot_disk": [
              {
                "auto_delete": true,
                "device_name": "persistent-disk-0",
                "disk_encryption_key_raw": "",
                "disk_encryption_key_rsa": "",
                "disk_encryption_key_sha256": "",
                "disk_encryption_service_account": "",
                "force_attach": false,
                "guest_os_features": [
                  "VIRTIO_SCSI_MULTIQUEUE",
                  "SEV_CAPABLE",
                  "SEV_SNP_CAPABLE",
                  "SEV_LIVE_MIGRATABLE",
                  "SEV_LIVE_MIGRATABLE_V2",
                  "IDPF",
                  "TDX_CAPABLE",
                  "UEFI_COMPATIBLE",
                  "GVNIC"
                ],
                "initialize_params": [
                  {
                    "architecture": "X86_64",
                    "enable_confidential_compute": false,
                    "image": "https://www.googleapis.com/compute/v1/projects/ubuntu-os-cloud/global/images/ubuntu-2204-jammy-v20260128",
                    "labels": {},
                    "provisioned_iops": 0,
                    "provisioned_throughput": 0,
                    "resource_manager_tags": null,
                    "resource_policies": [],
                    "size": 100,
                    "snapshot": "",
                    "source_image_encryption_key": [],
                    "source_snapshot_encryption_key": [],
                    "storage_pool": "",
                    "type": "pd-standard"
                  }
                ],
                "interface": "",
                "kms_key_self_link": "",
                "mode": "READ_WRITE",
                "source": "https://www.googleapis.com/compute/v1/projects/sdtd-2/zones/europe-west1-b/disks/node-1"
              }
            ],
            "can_ip_forward": false,
            "confidential_instance_config": [],
            "cpu_platform": "Intel Broadwell",
            "creation_timestamp": "2026-01-29T13:47:44.600-08:00",
            "current_status": "RUNNING",
            "deletion_protection": false,
            "description": "",
            "desired_status": null,
            "effective_labels": {
              "goog-terraform-provisioned": "true"
            },
            "enable_display": false,
            "guest_accelerator": [],
            "hostname": "",
            "id": "projects/sdtd-2/zones/europe-west1-b/instances/node-1",
            "instance_encryption_key": [],
            "instance_id": "1369019029092985711",
            "key_revocation_action_type": "",
            "label_fingerprint": "vezUS-42LLM=",
            "labels": null,
            "machine_type": "e2-standard-4",
            "metadata": {
              "ssh-keys": "ubuntu:ssh-rsa AAAAB3NzaC1yc2EAAAADAQABAAACAQC4nf5mv5R7EQVBMB11LBxm8Sf1U0hWrOpZ2AvoO/Ab0BjtRJGmSJjAl8FZYN1VRnWGPcmbOco5THImENmmcDvuMVywbuo+91wCfjXlbwkzHHPU83OfYpSGJPIJ8uHbCOj7XBsk2k/QSHHNIDUO6toYkBcg/ThOGlMqZjMrjGsDzCpT9lAnBRJG2veQqU2AGdKqLoiiLlk8skuG9KiJ7lffWDd99AAWzrRfAsLslyobXAgfSp1keABX6vhx7I8fcs1zXAphK78payf3LFci6PLe9F5DExEVv96yGO29G8S46SNqn1Urm/vhwW3vYseGoDqHYQGH13yW8u8dvREiaKZhdxb4zqEx+rviLae5y5MVsFHZ6rL2IMzhGxCOzv2uMRwbxVOwjiPEoz4pTQ+cTj4AV+Dsi2Jm5vYHiKKt0yn5BbIszbKgx/1g9aghPngeaSC4xZAVHOC7k+TbpYvF0l2/I36UMM3r9Ghz/X6uaU66aCg8an1whywIKlSdZK86W+wSWsC7mjULhW5D4eWQAtGzRjA8FZmS4zzV+xEWlaMyUTjqEYAw4euFLcBSY3W8WtCfErNqjHmUKU4Ean7VszXv72hyVCBKfMt1v9l2c9Djb9rIxPn5SQqW11YVie0FiZBfUgnShp92jO5k7pcAqP41fICzUihE+GtvJF0FVgCkow==\n"
            },
            "metadata_fingerprint": "lq3hy7bEwa0=",
            "metadata_startup_script": null,
            "min_cpu_platform": "",
            "name": "node-1",
            "network_interface": [
              {
                "access_config": [],
                "alias_ip_range": [],
                "internal_ipv6_prefix_length": 0,
                "ipv6_access_config": [],
                "ipv6_access_type": "",
                "ipv6_address": "",
                "name": "nic0",
                "network": "https://www.googleapis.com/compute/v1/projects/sdtd-2/global/networks/k8s-vpc",
                "network_attachment": "",
                "network_ip": "10.240.0.5",
                "nic_type": "",
                "queue_count": 0,
                "stack_type": "IPV4_ONLY",
                "subnetwork": "https://www.googleapis.com/compute/v1/projects/sdtd-2/regions/europe-west1/subnetworks/k8s-subnet",
                "subnetwork_project": "sdtd-2"
              }
            ],
            "network_performance_config": [],
            "params": [],
            "project": "sdtd-2",
            "reservation_affinity": [],
            "resource_policies": null,
            "scheduling": [
              {
                "automatic_restart": true,
                "availability_domain": 0,
                "instance_termination_action": "",
                "local_ssd_recovery_timeout": [],
                "max_run_duration": [],
                "min_node_cpus": 0,
                "node_affinities": [],
                "on_host_maintenance": "MIGRATE",
                "on_instance_stop_action": [],
                "preemptible": false,
                "provisioning_model": "STANDARD",
                "termination_time": ""
              }
            ],
            "scratch_disk": [],
            "self_link": "https://www.googleapis.com/compute/v1/projects/sdtd-2/zones/europe-west1-b/instances/node-1",
            "service_account": [],
            "shielded_instance_config": [
              {
                "enable_integrity_monitoring": true,
                "enable_secure_boot": false,
                "enable_vtpm": true
              }
            ],
            "tags": [
              "worker"
            ],
            "tags_fingerprint": "uvqiNQvnefU=",
            "terraform_labels": {
              "goog-terraform-provisioned": "true"
            },
            "timeouts": null,
            "zone": "europe-west1-b"
          },
          "sensitive_attributes": [
            [
              {
                "type": "get_attr",
                "value": "boot_disk"
              },
              {
                "type": "index",
                "value": {
                  "value": 0,
                  "type": "number"
                }
              },
              {
                "type": "get_attr",
                "value": "disk_encryption_key_raw"
              }
            ],
            [
              {
                "type": "get_attr",
                "value": "boot_disk"
              },
              {
                "type": "index",
                "value": {
                  "value": 0,
                  "type": "number"
                }
              },
              {
                "type": "get_attr",
                "value": "disk_encryption_key_rsa"
              }
            ]
          ],
          "identity_schema_version": 0,
          "private": "eyJlMmJmYjczMC1lY2FhLTExZTYtOGY4OC0zNDM2M2JjN2M0YzAiOnsiY3JlYXRlIjoxMjAwMDAwMDAwMDAwLCJkZWxldGUiOjEyMDAwMDAwMDAwMDAsInVwZGF0ZSI6MTIwMDAwMDAwMDAwMH0sInNjaGVtYV92ZXJzaW9uIjoiNiJ9",
          "dependencies": [
            "google_compute_network.vpc",
            "google_compute_subnetwork.subnet",
            "tls_private_key.ssh_key"
          ]
        },
        {
          "index_key": 2,
          "schema_version": 6,
          "attributes": {
            "advanced_machine_features": [],
            "allow_stopping_for_update": null,
            "attached_disk": [],
            "boot_disk": [
              {
                "auto_delete": true,
                "device_name": "persistent-disk-0",
                "disk_encryption_key_raw": "",
                "disk_encryption_key_rsa": "",
                "disk_encryption_key_sha256": "",
                "disk_encryption_service_account": "",
                "force_attach": false,
                "guest_os_features": [
                  "VIRTIO_SCSI_MULTIQUEUE",
                  "SEV_CAPABLE",
                  "SEV_SNP_CAPABLE",
                  "SEV_LIVE_MIGRATABLE",
                  "SEV_LIVE_MIGRATABLE_V2",
                  "IDPF",
                  "TDX_CAPABLE",
                  "UEFI_COMPATIBLE",
                  "GVNIC"
                ],
                "initialize_params": [
                  {
                    "architecture": "X86_64",
                    "enable_confidential_compute": false,
                    "image": "https://www.googleapis.com/compute/v1/projects/ubuntu-os-cloud/global/images/ubuntu-2204-jammy-v20260128",
                    "labels": {},
                    "provisioned_iops": 0,
                    "provisioned_throughput": 0,
                    "resource_manager_tags": null,
                    "resource_policies": [],
                    "size": 100,
                    "snapshot": "",
                    "source_image_encryption_key": [],
                    "source_snapshot_encryption_key": [],
                    "storage_pool": "",
                    "type": "pd-standard"
                  }
                ],
                "interface": "",
                "kms_key_self_link": "",
                "mode": "READ_WRITE",
                "source": "https://www.googleapis.com/compute/v1/projects/sdtd-2/zones/europe-west1-b/disks/node-2"
              }
            ],
            "can_ip_forward": false,
            "confidential_instance_config": [],
            "cpu_platform": "Intel Broadwell",
            "creation_timestamp": "2026-01-29T13:47:44.730-08:00",
            "current_status": "RUNNING",
            "deletion_protection": false,
            "description": "",
            "desired_status": null,
            "effective_labels": {
              "goog-terraform-provisioned": "true"
            },
            "enable_display": false,
            "guest_accelerator": [],
            "hostname": "",
            "id": "projects/sdtd-2/zones/europe-west1-b/instances/node-2",
            "instance_encryption_key": [],
            "instance_id": "6071992730560916335",
            "key_revocation_action_type": "",
            "label_fingerprint": "vezUS-42LLM=",
            "labels": null,
            "machine_type": "e2-standard-4",
            "metadata": {
              "ssh-keys": "ubuntu:ssh-rsa AAAAB3NzaC1yc2EAAAADAQABAAACAQC4nf5mv5R7EQVBMB11LBxm8Sf1U0hWrOpZ2AvoO/Ab0BjtRJGmSJjAl8FZYN1VRnWGPcmbOco5THImENmmcDvuMVywbuo+91wCfjXlbwkzHHPU83OfYpSGJPIJ8uHbCOj7XBsk2k/QSHHNIDUO6toYkBcg/ThOGlMqZjMrjGsDzCpT9lAnBRJG2veQqU2AGdKqLoiiLlk8skuG9KiJ7lffWDd99AAWzrRfAsLslyobXAgfSp1keABX6vhx7I8fcs1zXAphK78payf3LFci6PLe9F5DExEVv96yGO29G8S46SNqn1Urm/vhwW3vYseGoDqHYQGH13yW8u8dvREiaKZhdxb4zqEx+rviLae5y5MVsFHZ6rL2IMzhGxCOzv2uMRwbxVOwjiPEoz4pTQ+cTj4AV+Dsi2Jm5vYHiKKt0yn5BbIszbKgx/1g9aghPngeaSC4xZAVHOC7k+TbpYvF0l2/I36UMM3r9Ghz/X6uaU66aCg8an1whywIKlSdZK86W+wSWsC7mjULhW5D4eWQAtGzRjA8FZmS4zzV+xEWlaMyUTjqEYAw4euFLcBSY3W8WtCfErNqjHmUKU4Ean7VszXv72hyVCBKfMt1v9l2c9Djb9rIxPn5SQqW11YVie0FiZBfUgnShp92jO5k7pcAqP41fICzUihE+GtvJF0FVgCkow==\n"
            },
            "metadata_fingerprint": "lq3hy7bEwa0=",
            "metadata_startup_script": null,
            "min_cpu_platform": "",
            "name": "node-2",
            "network_interface": [
              {
                "access_config": [],
                "alias_ip_range": [],
                "internal_ipv6_prefix_length": 0,
                "ipv6_access_config": [],
                "ipv6_access_type": "",
                "ipv6_address": "",
                "name": "nic0",
                "network": "https://www.googleapis.com/compute/v1/projects/sdtd-2/global/networks/k8s-vpc",
                "network_attachment": "",
                "network_ip": "10.240.0.4",
                "nic_type": "",
                "queue_count": 0,
                "stack_type": "IPV4_ONLY",
                "subnetwork": "https://www.googleapis.com/compute/v1/projects/sdtd-2/regions/europe-west1/subnetworks/k8s-subnet",
                "subnetwork_project": "sdtd-2"
              }
            ],
            "network_performance_config": [],
            "params": [],
            "project": "sdtd-2",
            "reservation_affinity": [],
            "resource_policies": null,
            "scheduling": [
              {
                "automatic_restart": true,
                "availability_domain": 0,
                "instance_termination_action": "",
                "local_ssd_recovery_timeout": [],
                "max_run_duration": [],
                "min_node_cpus": 0,
                "node_affinities": [],
                "on_host_maintenance": "MIGRATE",
                "on_instance_stop_action": [],
                "preemptible": false,
                "provisioning_model": "STANDARD",
                "termination_time": ""
              }
            ],
            "scratch_disk": [],
            "self_link": "https://www.googleapis.com/compute/v1/projects/sdtd-2/zones/europe-west1-b/instances/node-2",
            "service_account": [],
            "shielded_instance_config": [
              {
                "enable_integrity_monitoring": true,
                "enable_secure_boot": false,
                "enable_vtpm": true
              }
            ],
            "tags": [
              "worker"
            ],
            "tags_fingerprint": "uvqiNQvnefU=",
            "terraform_labels": {
              "goog-terraform-provisioned": "true"
            },
            "timeouts": null,
            "zone": "europe-west1-b"
          },
          "sensitive_attributes": [
            [
              {
                "type": "get_attr",
                "value": "boot_disk"
              },
              {
                "type": "index",
                "value": {
                  "value": 0,
                  "type": "number"
                }
              },
              {
                "type": "get_attr",
                "value": "disk_encryption_key_raw"
              }
            ],
            [
              {
                "type": "get_attr",
                "value": "boot_disk"
              },
              {
                "type": "index",
                "value": {
                  "value": 0,
                  "type": "number"
                }
              },
              {
                "type": "get_attr",
                "value": "disk_encryption_key_rsa"
              }
            ]
          ],
          "identity_schema_version": 0,
          "private": "eyJlMmJmYjczMC1lY2FhLTExZTYtOGY4OC0zNDM2M2JjN2M0YzAiOnsiY3JlYXRlIjoxMjAwMDAwMDAwMDAwLCJkZWxldGUiOjEyMDAwMDAwMDAwMDAsInVwZGF0ZSI6MTIwMDAwMDAwMDAwMH0sInNjaGVtYV92ZXJzaW9uIjoiNiJ9",
          "dependencies": [
            "google_compute_network.vpc",
            "google_compute_subnetwork.subnet",
            "tls_private_key.ssh_key"
          ]
        }
      ]
    },
    {
      "mode": "managed",
      "type": "google_compute_network",
      "name": "vpc",
      "provider": "provider[\"registry.terraform.io/hashicorp/google\"]",
      "instances": [
        {
          "schema_version": 0,
          "attributes": {
            "auto_create_subnetworks": false,
            "bgp_always_compare_med": false,
            "bgp_best_path_selection_mode": "LEGACY",
            "bgp_inter_region_cost": "",
            "delete_bgp_always_compare_med": false,
            "delete_default_routes_on_create": false,
            "description": "",
            "enable_ula_internal_ipv6": false,
            "gateway_ipv4": "",
            "id": "projects/sdtd-2/global/networks/k8s-vpc",
            "internal_ipv6_range": "",
            "mtu": 0,
            "name": "k8s-vpc",
            "network_firewall_policy_enforcement_order": "AFTER_CLASSIC_FIREWALL",
            "network_id": "7205703314604190652",
            "network_profile": "",
            "numeric_id": "7205703314604190652",
            "params": [],
            "project": "sdtd-2",
            "routing_mode": "REGIONAL",
            "self_link": "https://www.googleapis.com/compute/v1/projects/sdtd-2/global/networks/k8s-vpc",
            "timeouts": null
          },
          "sensitive_attributes": [],
          "identity_schema_version": 0,
          "private": "eyJlMmJmYjczMC1lY2FhLTExZTYtOGY4OC0zNDM2M2JjN2M0YzAiOnsiY3JlYXRlIjoxMjAwMDAwMDAwMDAwLCJkZWxldGUiOjEyMDAwMDAwMDAwMDAsInVwZGF0ZSI6MTIwMDAwMDAwMDAwMH19"
        }
      ]
    },
    {
      "mode": "managed",
      "type": "google_compute_router",
      "name": "router",
      "provider": "provider[\"registry.terraform.io/hashicorp/google\"]",
      "instances": [
        {
          "schema_version": 0,
          "attributes": {
            "bgp": [],
            "creation_timestamp": "2026-01-29T13:47:22.118-08:00",
            "description": "",
            "encrypted_interconnect_router": false,
            "id": "projects/sdtd-2/regions/europe-west1/routers/k8s-router",
            "md5_authentication_keys": [],
            "name": "k8s-router",
            "network": "https://www.googleapis.com/compute/v1/projects/sdtd-2/global/networks/k8s-vpc",
            "params": [],
            "project": "sdtd-2",
            "region": "europe-west1",
            "self_link": "https://www.googleapis.com/compute/v1/projects/sdtd-2/regions/europe-west1/routers/k8s-router",
            "timeouts": null
          },
          "sensitive_attributes": [],
          "identity_schema_version": 0,
          "private": "eyJlMmJmYjczMC1lY2FhLTExZTYtOGY4OC0zNDM2M2JjN2M0YzAiOnsiY3JlYXRlIjoxMjAwMDAwMDAwMDAwLCJkZWxldGUiOjEyMDAwMDAwMDAwMDAsInVwZGF0ZSI6MTIwMDAwMDAwMDAwMH19",
          "dependencies": [
            "google_compute_network.vpc"
          ]
        }
      ]
    },
    {
      "mode": "managed",
      "type": "google_compute_router_nat",
      "name": "nat",
      "provider": "provider[\"registry.terraform.io/hashicorp/google\"]",
      "instances": [
        {
          "schema_version": 0,
          "attributes": {
            "auto_network_tier": null,
            "drain_nat_ips": [],
            "enable_dynamic_port_allocation": false,
            "enable_endpoint_independent_mapping": false,
            "endpoint_types": [
              "ENDPOINT_TYPE_VM"
            ],
            "icmp_idle_timeout_sec": 30,
            "id": "sdtd-2/europe-west1/k8s-router/k8s-nat",
            "initial_nat_ips": null,
            "log_config": [],
            "max_ports_per_vm": 0,
            "min_ports_per_vm": 0,
            "name": "k8s-nat",
            "nat64_subnetwork": [],
            "nat_ip_allocate_option": "AUTO_ONLY",
            "nat_ips": [],
            "project": "sdtd-2",
            "region": "europe-west1",
            "router": "k8s-router",
            "rules": [],
            "source_subnetwork_ip_ranges_to_nat": "ALL_SUBNETWORKS_ALL_IP_RANGES",
            "source_subnetwork_ip_ranges_to_nat64": "",
            "subnetwork": [],
            "tcp_established_idle_timeout_sec": 1200,
            "tcp_time_wait_timeout_sec": 120,
            "tcp_transitory_idle_timeout_sec": 30,
            "timeouts": null,
            "type": "PUBLIC",
            "udp_idle_timeout_sec": 30
          },
          "sensitive_attributes": [],
          "identity_schema_version": 0,
          "private": "eyJlMmJmYjczMC1lY2FhLTExZTYtOGY4OC0zNDM2M2JjN2M0YzAiOnsiY3JlYXRlIjoxMjAwMDAwMDAwMDAwLCJkZWxldGUiOjEyMDAwMDAwMDAwMDAsInVwZGF0ZSI6MTIwMDAwMDAwMDAwMH19",
          "dependencies": [
            "google_compute_network.vpc",
            "google_compute_router.router"
          ]
        }
      ]
    },
    {
      "mode": "managed",
      "type": "google_compute_subnetwork",
      "name": "subnet",
      "provider": "provider[\"registry.terraform.io/hashicorp/google\"]",
      "instances": [
        {
          "schema_version": 0,
          "attributes": {
            "creation_timestamp": "2026-01-29T13:47:22.220-08:00",
            "description": "",
            "external_ipv6_prefix": "",
            "fingerprint": null,
            "gateway_address": "10.240.0.1",
            "id": "projects/sdtd-2/regions/europe-west1/subnetworks/k8s-subnet",
            "internal_ipv6_prefix": "",
            "ip_cidr_range": "10.240.0.0/24",
            "ip_collection": null,
            "ipv6_access_type": "",
            "ipv6_cidr_range": "",
            "ipv6_gce_endpoint": "",
            "log_config": [],
            "name": "k8s-subnet",
            "network": "https://www.googleapis.com/compute/v1/projects/sdtd-2/global/networks/k8s-vpc",
            "params": [],
            "private_ip_google_access": false,
            "private_ipv6_google_access": "DISABLE_GOOGLE_ACCESS",
            "project": "sdtd-2",
            "purpose": "PRIVATE",
            "region": "europe-west1",
            "reserved_internal_range": "",
            "role": "",
            "secondary_ip_range": [],
            "self_link": "https://www.googleapis.com/compute/v1/projects/sdtd-2/regions/europe-west1/subnetworks/k8s-subnet",
            "send_secondary_ip_range_if_empty": null,
            "stack_type": "IPV4_ONLY",
            "state": "",
            "subnetwork_id": 7108599773398461317,
            "timeouts": null
          },
          "sensitive_attributes": [],
          "identity_schema_version": 0,
          "private": "eyJlMmJmYjczMC1lY2FhLTExZTYtOGY4OC0zNDM2M2JjN2M0YzAiOnsiY3JlYXRlIjoxMjAwMDAwMDAwMDAwLCJkZWxldGUiOjEyMDAwMDAwMDAwMDAsInVwZGF0ZSI6MTIwMDAwMDAwMDAwMH19",
          "dependencies": [
            "google_compute_network.vpc"
          ]
        }
      ]
    },
    {
      "mode": "managed",
      "type": "local_sensitive_file",
      "name": "private_key",
      "provider": "provider[\"registry.terraform.io/hashicorp/local\"]",
      "instances": [
        {
          "schema_version": 0,
          "attributes": {
            "content": "-----BEGIN RSA PRIVATE KEY-----\nMIIJKQIBAAKCAgEAuJ3+Zr+UexEFQTAddSwcZvEn9VNIVqzqWdgL6DvwG9AY7USR\npkiYwJfBWWDdVUZ1hj3JmznKOUxyJhDZpnA77jFcsG7qPvdcAn415W8JMxxz1PNz\nn2KUhiTyCfLh2wjo+1wbJNpP0EhxzSA1DuraGJAXIP04ThpTKmYzK4xrA8wqU/ZQ\nJwUSRtr3kKlNgBnSqi6Ioi5ZPLJLhvSoie5X31g3ffQAFs60XwLC7JcqG1wIH0qd\nZHgAV+r4ceyPH3LNc1wKYSu/KWsn9yxXIujy3vReQxMRFb/eshjtvRvEuOkjap9V\nK5v74cFt72LHhqA6h2EBh9d8lvLvHb0RImimYXcW+M6hMfq74i2nucuTFbBR2eqy\n9iDM4RsQjs79rjEcG8VTsI4jxKM+KU0PnE4+AFfg7ItiZub2B4iirdMp+QWyLM2y\noMf9YPWoIT54HmkguMWQFRzgu5Pk26WLxdJdvyN+lDDN6/Roc/1+rmlOumgoPGp9\ncIcsCCpUnWSvOlvsElrAu5o1C4VuQ+HlkALRs0YwPBWZkuM81fsRFpWjMlE46hGA\nMOHrhS3AUmN1vFrQnxKzaox5lClOBGp+1bM17+9oclQgSnzLdb/ZdnPQ42/ayMT5\n+UkKltdWFYntBYmQX1IJ0oafdozuZO6XAKj+NXyAs1IoRPhrbyRdBVYApKMCAwEA\nAQKCAgAMx53ADcGrhebFN8gc6lbKUXtLTN6UZsKPlu22v8oZQsiBnt4uPUGbDhDr\nrPw6q6FLD6U7F5Rbbw1Ke/QfxLkr/e1v+92Un5mWRUJZ2tvaK+gLdRGAllm4XNUH\nF0cchdC1mw9N98bP9j6FIpZJrWbiOGdBeLCYcii7pfjOKkQ7g7s9C1n1DtwlsiwH\nruXsg4fFEWo9P9QcPYNjmOAUhuk8+WWt/wwFMtM4QyqsfLJaKSluxm2AHPEjz4zZ\n5gmU9bopzX9HxrgkQoSxDuK2n0WLZYMjmthIlyWap9sdMiTmCqLRqKyZU4zreHEH\nFza/UlbQNEjfgcKKzc+mUVuJnuZAJBkXO7Qz1gVXnJo9JLyClU6L04/J3+MsKN7z\nKRADpTDbJGkyInz/6tHZmWBQVLmC0FT4kS7hVqAkN1/xc+e4hmDTMUsLXbUJhbLw\nkQtKexud9yqYuXYumZfqyCCluzIgGFl0BHKn8jzep2SewDHnmV0yyEO30ROt7vcM\no9LMkYlNjbXz/ngyXhne6eUo80PMi2QxQq7i7G/JOJlFLTACVZHANHUfL4aq/5N5\ndtYAD12vvVy0OgJACQ2FXq/yBtbvfTF64uiO2xjLMr+xwJBhhobdtrAKEED4Z2uA\n0vGZNeJW5zvV/vIk0aYf5L2nbVPjDsAei320PR1QRVEyTmmksQKCAQEA7AM+5d+t\nGHam059zsYZ8RP8sB5IvM6AEimH/8EI4PKZKt0ZcLaSoQJyjC19xJkPNZdTcYGh9\nkDT1W9VCL6eqiZS4fC7D/FgNjO/GdCYhNYhiHaYJnAQlMsLUN6NThmcXUpoEzDsd\n9Nxosq9AIWn6H2Km+uY1KKEHaztnkHwO+lGF4KZ3S2OCpcbjCcGIcRPKqEp7KvT4\nBPNosEL1wBsSHmtp5Mo4Af8awcAIbzJKVZlmBt3D/UqdzQV5Xw+Lof2osjeeFOtg\nd6Ut+8dJr/8Hk6PT+3BPjUXpw5PT3suWPS+Cj3+29Nnb7fREQ1+iT0sZhp0ZzoOR\nTnZB4XfnpiDebQKCAQEAyEB+UBc0VACsI0RUJ2x0TJlz3zzClLXoCWClhCdZ0qZT\nrFXd2yWhCp1c1/uJaM3yb+VqOFMdgduVMWutGuJmXhgGFkBMaE7Om9GesbmoRaWY\nXtNd2VQ2sDejlb3U5/ENeXQFEmmNNG52at2HqmG7/9IHCgcbf5nrHdgJw9RYsZb9\nFwDaT2jeLXmTawCx4s6VtjIVjGXqZXNt8pj8F3ykJ0lRoLEaDlqmCOwt1b8po4hO\nNFNcOITh71M0BO12TQ49Jla1E3yXpzIwZHekyzkoGeNtdTWA8AA6ZCgdt3vJsHir\nKf0dtQ0Odnujr5sM7Jq/ax6zroPzWE+vpvR8ZadlTwKCAQEAgpc9K2b72Wh14Oz+\n0EEQ7AChtUK/GXq2aHfXbXLGuVBuUUD+akcMzkudsAJMkpa7xVfl5PaMW8nh5cF3\n0PSeWWhQOG6MBUoXnV9jWQtsHrnrSGqCMLDegFrroCmgYuMSNaOBehxP9BgtWom8\nG4EPZGRq7rOIwIVxnHUPVhQ/GWUYhfi2U6GpPd9x6wkKXT9NSJeF1Xwc7GhfCgDT\nCEwyV2CqBG2cVgZ5ILIIOLcECJ9LpAr7kmDCNhqMUPxCEA1SVeKOdxbSlwFwEzvv\nWxHreFcTSbKYYhxIP+7BMitGY26xeIN7kbomhmE9kGYPYn60jhbJm8qTEW4//+kf\n5X2UdQKCAQBlloo92Te7sceh8IT8pwFs5qAozOsthAbd0wDExS3FNonWMI1nInTL\nLL+v9jRkTa5C49B6GHgsq5fJRYXA0L/71hYobaAVfn1EARiPss7R3kspN/MxUI6Z\n4PAFBBOhQuGCDsCP8aonwi4i0pWDcydrhUH67VYe6pejQTja9ru0BBQK+mzFwj6M\nNVP7AZQ8qm66yjeyTPWXV/KcEs44oAuqvoBBk/bS91upxR8Pg3X9NyXtV6i+J3Ny\n9PO72Deeqa2N6IjeBOPudwCjxyp7ylg0ofKidm0d1A/LRaqlrY/JDb5Pg8/xTFlc\n9CY67N6mnW6kSiP/UYM+9tX2TatZ6ozzAoIBAQCR1h3HXSXK334IYfR0gK86snaU\nxDQdjxcNB0XkUU5R/HZ6PVWtTvcNmqahN0+J4knvjO8TkcKvh7+v5u17pwmVPtKF\nV/C45MTBAfVTrJ6IPbqF4ROaHsDG+zgVwLmRsLt8I6bnpNn9OTD+zt3W2+P40SOQ\npg6MSJXMUCXW2/FZBunvwZ4uVlfiNUy/I6EVpy6mjqTqsBmz1V1zWsRI/kis1nTz\n+NyER1dNLr8xMJXwO1dtJufO26rRiBniz0aILQx8Kk3CvQcZyvN6CKOFBN7CBixu\nfhTJ0b/rdRDrivjsCutzj1JKe5q1I6bIrx6SfcMyYfMNJ9Ph1/+nc2JPuzQb\n-----END RSA PRIVATE KEY-----\n",
            "content_base64": null,
            "content_base64sha256": "puaP+8BZslPWXgPlrIBZXrtJtZafur70cIbexuVBOJA=",
            "content_base64sha512": "Xn5u2Rwwy/Iu5iAlw5bUCuOoKC02M/G9CcqXck+92W92X673uKgL53NLcDD3n/5OCwgrU2aOTaxs3kOh3J9d2A==",
            "content_md5": "1cc8b7d68fbaeb3677bb2fdd977cf294",
            "content_sha1": "a12b008c5a8b499ee0b06085119c8d90023ec34d",
            "content_sha256": "a6e68ffbc059b253d65e03e5ac80595ebb49b5969fbabef47086dec6e5413890",
            "content_sha512": "5e7e6ed91c30cbf22ee62025c396d40ae3a8282d3633f1bd09ca97724fbdd96f765faef7b8a80be7734b7030f79ffe4e0b082b53668e4dac6cde43a1dc9f5dd8",
            "directory_permission": "0700",
            "file_permission": "0600",
            "filename": "./../ansible/id_rsa_gcp",
            "id": "a12b008c5a8b499ee0b06085119c8d90023ec34d",
            "source": null
          },
          "sensitive_attributes": [
            [
              {
                "type": "get_attr",
                "value": "content"
              }
            ],
            [
              {
                "type": "get_attr",
                "value": "content_base64"
              }
            ]
          ],
          "identity_schema_version": 0,
          "dependencies": [
            "tls_private_key.ssh_key"
          ]
        }
      ]
    },
    {
      "mode": "managed",
      "type": "tls_private_key",
      "name": "ssh_key",
      "provider": "provider[\"registry.terraform.io/hashicorp/tls\"]",
      "instances": [
        {
          "schema_version": 1,
          "attributes": {
            "algorithm": "RSA",
            "ecdsa_curve": "P224",
            "id": "4056d3cafab669c407d72030d96bfeff04eb0d96",
            "private_key_openssh": "-----BEGIN OPENSSH PRIVATE KEY-----\nb3BlbnNzaC1rZXktdjEAAAAABG5vbmUAAAAEbm9uZQAAAAAAAAABAAACFwAAAAdz\nc2gtcnNhAAAAAwEAAQAAAgEAuJ3+Zr+UexEFQTAddSwcZvEn9VNIVqzqWdgL6Dvw\nG9AY7USRpkiYwJfBWWDdVUZ1hj3JmznKOUxyJhDZpnA77jFcsG7qPvdcAn415W8J\nMxxz1PNzn2KUhiTyCfLh2wjo+1wbJNpP0EhxzSA1DuraGJAXIP04ThpTKmYzK4xr\nA8wqU/ZQJwUSRtr3kKlNgBnSqi6Ioi5ZPLJLhvSoie5X31g3ffQAFs60XwLC7Jcq\nG1wIH0qdZHgAV+r4ceyPH3LNc1wKYSu/KWsn9yxXIujy3vReQxMRFb/eshjtvRvE\nuOkjap9VK5v74cFt72LHhqA6h2EBh9d8lvLvHb0RImimYXcW+M6hMfq74i2nucuT\nFbBR2eqy9iDM4RsQjs79rjEcG8VTsI4jxKM+KU0PnE4+AFfg7ItiZub2B4iirdMp\n+QWyLM2yoMf9YPWoIT54HmkguMWQFRzgu5Pk26WLxdJdvyN+lDDN6/Roc/1+rmlO\numgoPGp9cIcsCCpUnWSvOlvsElrAu5o1C4VuQ+HlkALRs0YwPBWZkuM81fsRFpWj\nMlE46hGAMOHrhS3AUmN1vFrQnxKzaox5lClOBGp+1bM17+9oclQgSnzLdb/ZdnPQ\n42/ayMT5+UkKltdWFYntBYmQX1IJ0oafdozuZO6XAKj+NXyAs1IoRPhrbyRdBVYA\npKMAAAc4v7iK47+4iuMAAAAHc3NoLXJzYQAAAgEAuJ3+Zr+UexEFQTAddSwcZvEn\n9VNIVqzqWdgL6DvwG9AY7USRpkiYwJfBWWDdVUZ1hj3JmznKOUxyJhDZpnA77jFc\nsG7qPvdcAn415W8JMxxz1PNzn2KUhiTyCfLh2wjo+1wbJNpP0EhxzSA1DuraGJAX\nIP04ThpTKmYzK4xrA8wqU/ZQJwUSRtr3kKlNgBnSqi6Ioi5ZPLJLhvSoie5X31g3\nffQAFs60XwLC7JcqG1wIH0qdZHgAV+r4ceyPH3LNc1wKYSu/KWsn9yxXIujy3vRe\nQxMRFb/eshjtvRvEuOkjap9VK5v74cFt72LHhqA6h2EBh9d8lvLvHb0RImimYXcW\n+M6hMfq74i2nucuTFbBR2eqy9iDM4RsQjs79rjEcG8VTsI4jxKM+KU0PnE4+AFfg\n7ItiZub2B4iirdMp+QWyLM2yoMf9YPWoIT54HmkguMWQFRzgu5Pk26WLxdJdvyN+\nlDDN6/Roc/1+rmlOumgoPGp9cIcsCCpUnWSvOlvsElrAu5o1C4VuQ+HlkALRs0Yw\nPBWZkuM81fsRFpWjMlE46hGAMOHrhS3AUmN1vFrQnxKzaox5lClOBGp+1bM17+9o\nclQgSnzLdb/ZdnPQ42/ayMT5+UkKltdWFYntBYmQX1IJ0oafdozuZO6XAKj+NXyA\ns1IoRPhrbyRdBVYApKMAAAADAQABAAACAAzHncANwauF5sU3yBzqVspRe0tM3pRm\nwo+W7ba/yhlCyIGe3i49QZsOEOus/DqroUsPpTsXlFtvDUp79B/EuSv97W/73ZSf\nmZZFQlna29or6At1EYCWWbhc1QcXRxyF0LWbD033xs/2PoUilkmtZuI4Z0F4sJhy\nKLul+M4qRDuDuz0LWfUO3CWyLAeu5eyDh8URaj0/1Bw9g2OY4BSG6Tz5Za3/DAUy\n0zhDKqx8slopKW7GbYAc8SPPjNnmCZT1uinNf0fGuCRChLEO4rafRYtlgyOa2EiX\nJZqn2x0yJOYKotGorJlTjOt4cQcXNr9SVtA0SN+BworNz6ZRW4me5kAkGRc7tDPW\nBVecmj0kvIKVTovTj8nf4ywo3vMpEAOlMNskaTIifP/q0dmZYFBUuYLQVPiRLuFW\noCQ3X/Fz57iGYNMxSwtdtQmFsvCRC0p7G533Kpi5di6Zl+rIIKW7MiAYWXQEcqfy\nPN6nZJ7AMeeZXTLIQ7fRE63u9wyj0syRiU2NtfP+eDJeGd7p5SjzQ8yLZDFCruLs\nb8k4mUUtMAJVkcA0dR8vhqr/k3l21gAPXa+9XLQ6AkAJDYVer/IG1u99MXri6I7b\nGMsyv7HAkGGGht22sAoQQPhna4DS8Zk14lbnO9X+8iTRph/kvadtU+MOwB6LfbQ9\nHVBFUTJOaaSxAAABAQCR1h3HXSXK334IYfR0gK86snaUxDQdjxcNB0XkUU5R/HZ6\nPVWtTvcNmqahN0+J4knvjO8TkcKvh7+v5u17pwmVPtKFV/C45MTBAfVTrJ6IPbqF\n4ROaHsDG+zgVwLmRsLt8I6bnpNn9OTD+zt3W2+P40SOQpg6MSJXMUCXW2/FZBunv\nwZ4uVlfiNUy/I6EVpy6mjqTqsBmz1V1zWsRI/kis1nTz+NyER1dNLr8xMJXwO1dt\nJufO26rRiBniz0aILQx8Kk3CvQcZyvN6CKOFBN7CBixufhTJ0b/rdRDrivjsCutz\nj1JKe5q1I6bIrx6SfcMyYfMNJ9Ph1/+nc2JPuzQbAAABAQDsAz7l360YdqbTn3Ox\nhnxE/ywHki8zoASKYf/wQjg8pkq3RlwtpKhAnKMLX3EmQ81l1NxgaH2QNPVb1UIv\np6qJlLh8LsP8WA2M78Z0JiE1iGIdpgmcBCUywtQ3o1OGZxdSmgTMOx303Giyr0Ah\nafofYqb65jUooQdrO2eQfA76UYXgpndLY4KlxuMJwYhxE8qoSnsq9PgE82iwQvXA\nGxIea2nkyjgB/xrBwAhvMkpVmWYG3cP9Sp3NBXlfD4uh/aiyN54U62B3pS37x0mv\n/weTo9P7cE+NRenDk9Pey5Y9L4KPf7b02dvt9ERDX6JPSxmGnRnOg5FOdkHhd+em\nIN5tAAABAQDIQH5QFzRUAKwjRFQnbHRMmXPfPMKUtegJYKWEJ1nSplOsVd3bJaEK\nnVzX+4lozfJv5Wo4Ux2B25Uxa60a4mZeGAYWQExoTs6b0Z6xuahFpZhe013ZVDaw\nN6OVvdTn8Q15dAUSaY00bnZq3YeqYbv/0gcKBxt/mesd2AnD1Fixlv0XANpPaN4t\neZNrALHizpW2MhWMZeplc23ymPwXfKQnSVGgsRoOWqYI7C3VvymjiE40U1w4hOHv\nUzQE7XZNDj0mVrUTfJenMjBkd6TLOSgZ4211NYDwADpkKB23e8mweKsp/R21DQ52\ne6Ovmwzsmr9rHrOug/NYT6+m9Hxlp2VPAAAAAAEC\n-----END OPENSSH PRIVATE KEY-----\n",
            "private_key_pem": "-----BEGIN RSA PRIVATE KEY-----\nMIIJKQIBAAKCAgEAuJ3+Zr+UexEFQTAddSwcZvEn9VNIVqzqWdgL6DvwG9AY7USR\npkiYwJfBWWDdVUZ1hj3JmznKOUxyJhDZpnA77jFcsG7qPvdcAn415W8JMxxz1PNz\nn2KUhiTyCfLh2wjo+1wbJNpP0EhxzSA1DuraGJAXIP04ThpTKmYzK4xrA8wqU/ZQ\nJwUSRtr3kKlNgBnSqi6Ioi5ZPLJLhvSoie5X31g3ffQAFs60XwLC7JcqG1wIH0qd\nZHgAV+r4ceyPH3LNc1wKYSu/KWsn9yxXIujy3vReQxMRFb/eshjtvRvEuOkjap9V\nK5v74cFt72LHhqA6h2EBh9d8lvLvHb0RImimYXcW+M6hMfq74i2nucuTFbBR2eqy\n9iDM4RsQjs79rjEcG8VTsI4jxKM+KU0PnE4+AFfg7ItiZub2B4iirdMp+QWyLM2y\noMf9YPWoIT54HmkguMWQFRzgu5Pk26WLxdJdvyN+lDDN6/Roc/1+rmlOumgoPGp9\ncIcsCCpUnWSvOlvsElrAu5o1C4VuQ+HlkALRs0YwPBWZkuM81fsRFpWjMlE46hGA\nMOHrhS3AUmN1vFrQnxKzaox5lClOBGp+1bM17+9oclQgSnzLdb/ZdnPQ42/ayMT5\n+UkKltdWFYntBYmQX1IJ0oafdozuZO6XAKj+NXyAs1IoRPhrbyRdBVYApKMCAwEA\nAQKCAgAMx53ADcGrhebFN8gc6lbKUXtLTN6UZsKPlu22v8oZQsiBnt4uPUGbDhDr\nrPw6q6FLD6U7F5Rbbw1Ke/QfxLkr/e1v+92Un5mWRUJZ2tvaK+gLdRGAllm4XNUH\nF0cchdC1mw9N98bP9j6FIpZJrWbiOGdBeLCYcii7pfjOKkQ7g7s9C1n1DtwlsiwH\nruXsg4fFEWo9P9QcPYNjmOAUhuk8+WWt/wwFMtM4QyqsfLJaKSluxm2AHPEjz4zZ\n5gmU9bopzX9HxrgkQoSxDuK2n0WLZYMjmthIlyWap9sdMiTmCqLRqKyZU4zreHEH\nFza/UlbQNEjfgcKKzc+mUVuJnuZAJBkXO7Qz1gVXnJo9JLyClU6L04/J3+MsKN7z\nKRADpTDbJGkyInz/6tHZmWBQVLmC0FT4kS7hVqAkN1/xc+e4hmDTMUsLXbUJhbLw\nkQtKexud9yqYuXYumZfqyCCluzIgGFl0BHKn8jzep2SewDHnmV0yyEO30ROt7vcM\no9LMkYlNjbXz/ngyXhne6eUo80PMi2QxQq7i7G/JOJlFLTACVZHANHUfL4aq/5N5\ndtYAD12vvVy0OgJACQ2FXq/yBtbvfTF64uiO2xjLMr+xwJBhhobdtrAKEED4Z2uA\n0vGZNeJW5zvV/vIk0aYf5L2nbVPjDsAei320PR1QRVEyTmmksQKCAQEA7AM+5d+t\nGHam059zsYZ8RP8sB5IvM6AEimH/8EI4PKZKt0ZcLaSoQJyjC19xJkPNZdTcYGh9\nkDT1W9VCL6eqiZS4fC7D/FgNjO/GdCYhNYhiHaYJnAQlMsLUN6NThmcXUpoEzDsd\n9Nxosq9AIWn6H2Km+uY1KKEHaztnkHwO+lGF4KZ3S2OCpcbjCcGIcRPKqEp7KvT4\nBPNosEL1wBsSHmtp5Mo4Af8awcAIbzJKVZlmBt3D/UqdzQV5Xw+Lof2osjeeFOtg\nd6Ut+8dJr/8Hk6PT+3BPjUXpw5PT3suWPS+Cj3+29Nnb7fREQ1+iT0sZhp0ZzoOR\nTnZB4XfnpiDebQKCAQEAyEB+UBc0VACsI0RUJ2x0TJlz3zzClLXoCWClhCdZ0qZT\nrFXd2yWhCp1c1/uJaM3yb+VqOFMdgduVMWutGuJmXhgGFkBMaE7Om9GesbmoRaWY\nXtNd2VQ2sDejlb3U5/ENeXQFEmmNNG52at2HqmG7/9IHCgcbf5nrHdgJw9RYsZb9\nFwDaT2jeLXmTawCx4s6VtjIVjGXqZXNt8pj8F3ykJ0lRoLEaDlqmCOwt1b8po4hO\nNFNcOITh71M0BO12TQ49Jla1E3yXpzIwZHekyzkoGeNtdTWA8AA6ZCgdt3vJsHir\nKf0dtQ0Odnujr5sM7Jq/ax6zroPzWE+vpvR8ZadlTwKCAQEAgpc9K2b72Wh14Oz+\n0EEQ7AChtUK/GXq2aHfXbXLGuVBuUUD+akcMzkudsAJMkpa7xVfl5PaMW8nh5cF3\n0PSeWWhQOG6MBUoXnV9jWQtsHrnrSGqCMLDegFrroCmgYuMSNaOBehxP9BgtWom8\nG4EPZGRq7rOIwIVxnHUPVhQ/GWUYhfi2U6GpPd9x6wkKXT9NSJeF1Xwc7GhfCgDT\nCEwyV2CqBG2cVgZ5ILIIOLcECJ9LpAr7kmDCNhqMUPxCEA1SVeKOdxbSlwFwEzvv\nWxHreFcTSbKYYhxIP+7BMitGY26xeIN7kbomhmE9kGYPYn60jhbJm8qTEW4//+kf\n5X2UdQKCAQBlloo92Te7sceh8IT8pwFs5qAozOsthAbd0wDExS3FNonWMI1nInTL\nLL+v9jRkTa5C49B6GHgsq5fJRYXA0L/71hYobaAVfn1EARiPss7R3kspN/MxUI6Z\n4PAFBBOhQuGCDsCP8aonwi4i0pWDcydrhUH67VYe6pejQTja9ru0BBQK+mzFwj6M\nNVP7AZQ8qm66yjeyTPWXV/KcEs44oAuqvoBBk/bS91upxR8Pg3X9NyXtV6i+J3Ny\n9PO72Deeqa2N6IjeBOPudwCjxyp7ylg0ofKidm0d1A/LRaqlrY/JDb5Pg8/xTFlc\n9CY67N6mnW6kSiP/UYM+9tX2TatZ6ozzAoIBAQCR1h3HXSXK334IYfR0gK86snaU\nxDQdjxcNB0XkUU5R/HZ6PVWtTvcNmqahN0+J4knvjO8TkcKvh7+v5u17pwmVPtKF\nV/C45MTBAfVTrJ6IPbqF4ROaHsDG+zgVwLmRsLt8I6bnpNn9OTD+zt3W2+P40SOQ\npg6MSJXMUCXW2/FZBunvwZ4uVlfiNUy/I6EVpy6mjqTqsBmz1V1zWsRI/kis1nTz\n+NyER1dNLr8xMJXwO1dtJufO26rRiBniz0aILQx8Kk3CvQcZyvN6CKOFBN7CBixu\nfhTJ0b/rdRDrivjsCutzj1JKe5q1I6bIrx6SfcMyYfMNJ9Ph1/+nc2JPuzQb\n-----END RSA PRIVATE KEY-----\n",
            "private_key_pem_pkcs8": "-----BEGIN PRIVATE KEY-----\nMIIJQwIBADANBgkqhkiG9w0BAQEFAASCCS0wggkpAgEAAoICAQC4nf5mv5R7EQVB\nMB11LBxm8Sf1U0hWrOpZ2AvoO/Ab0BjtRJGmSJjAl8FZYN1VRnWGPcmbOco5THIm\nENmmcDvuMVywbuo+91wCfjXlbwkzHHPU83OfYpSGJPIJ8uHbCOj7XBsk2k/QSHHN\nIDUO6toYkBcg/ThOGlMqZjMrjGsDzCpT9lAnBRJG2veQqU2AGdKqLoiiLlk8skuG\n9KiJ7lffWDd99AAWzrRfAsLslyobXAgfSp1keABX6vhx7I8fcs1zXAphK78payf3\nLFci6PLe9F5DExEVv96yGO29G8S46SNqn1Urm/vhwW3vYseGoDqHYQGH13yW8u8d\nvREiaKZhdxb4zqEx+rviLae5y5MVsFHZ6rL2IMzhGxCOzv2uMRwbxVOwjiPEoz4p\nTQ+cTj4AV+Dsi2Jm5vYHiKKt0yn5BbIszbKgx/1g9aghPngeaSC4xZAVHOC7k+Tb\npYvF0l2/I36UMM3r9Ghz/X6uaU66aCg8an1whywIKlSdZK86W+wSWsC7mjULhW5D\n4eWQAtGzRjA8FZmS4zzV+xEWlaMyUTjqEYAw4euFLcBSY3W8WtCfErNqjHmUKU4E\nan7VszXv72hyVCBKfMt1v9l2c9Djb9rIxPn5SQqW11YVie0FiZBfUgnShp92jO5k\n7pcAqP41fICzUihE+GtvJF0FVgCkowIDAQABAoICAAzHncANwauF5sU3yBzqVspR\ne0tM3pRmwo+W7ba/yhlCyIGe3i49QZsOEOus/DqroUsPpTsXlFtvDUp79B/EuSv9\n7W/73ZSfmZZFQlna29or6At1EYCWWbhc1QcXRxyF0LWbD033xs/2PoUilkmtZuI4\nZ0F4sJhyKLul+M4qRDuDuz0LWfUO3CWyLAeu5eyDh8URaj0/1Bw9g2OY4BSG6Tz5\nZa3/DAUy0zhDKqx8slopKW7GbYAc8SPPjNnmCZT1uinNf0fGuCRChLEO4rafRYtl\ngyOa2EiXJZqn2x0yJOYKotGorJlTjOt4cQcXNr9SVtA0SN+BworNz6ZRW4me5kAk\nGRc7tDPWBVecmj0kvIKVTovTj8nf4ywo3vMpEAOlMNskaTIifP/q0dmZYFBUuYLQ\nVPiRLuFWoCQ3X/Fz57iGYNMxSwtdtQmFsvCRC0p7G533Kpi5di6Zl+rIIKW7MiAY\nWXQEcqfyPN6nZJ7AMeeZXTLIQ7fRE63u9wyj0syRiU2NtfP+eDJeGd7p5SjzQ8yL\nZDFCruLsb8k4mUUtMAJVkcA0dR8vhqr/k3l21gAPXa+9XLQ6AkAJDYVer/IG1u99\nMXri6I7bGMsyv7HAkGGGht22sAoQQPhna4DS8Zk14lbnO9X+8iTRph/kvadtU+MO\nwB6LfbQ9HVBFUTJOaaSxAoIBAQDsAz7l360YdqbTn3OxhnxE/ywHki8zoASKYf/w\nQjg8pkq3RlwtpKhAnKMLX3EmQ81l1NxgaH2QNPVb1UIvp6qJlLh8LsP8WA2M78Z0\nJiE1iGIdpgmcBCUywtQ3o1OGZxdSmgTMOx303Giyr0AhafofYqb65jUooQdrO2eQ\nfA76UYXgpndLY4KlxuMJwYhxE8qoSnsq9PgE82iwQvXAGxIea2nkyjgB/xrBwAhv\nMkpVmWYG3cP9Sp3NBXlfD4uh/aiyN54U62B3pS37x0mv/weTo9P7cE+NRenDk9Pe\ny5Y9L4KPf7b02dvt9ERDX6JPSxmGnRnOg5FOdkHhd+emIN5tAoIBAQDIQH5QFzRU\nAKwjRFQnbHRMmXPfPMKUtegJYKWEJ1nSplOsVd3bJaEKnVzX+4lozfJv5Wo4Ux2B\n25Uxa60a4mZeGAYWQExoTs6b0Z6xuahFpZhe013ZVDawN6OVvdTn8Q15dAUSaY00\nbnZq3YeqYbv/0gcKBxt/mesd2AnD1Fixlv0XANpPaN4teZNrALHizpW2MhWMZepl\nc23ymPwXfKQnSVGgsRoOWqYI7C3VvymjiE40U1w4hOHvUzQE7XZNDj0mVrUTfJen\nMjBkd6TLOSgZ4211NYDwADpkKB23e8mweKsp/R21DQ52e6Ovmwzsmr9rHrOug/NY\nT6+m9Hxlp2VPAoIBAQCClz0rZvvZaHXg7P7QQRDsAKG1Qr8ZerZod9dtcsa5UG5R\nQP5qRwzOS52wAkySlrvFV+Xk9oxbyeHlwXfQ9J5ZaFA4bowFShedX2NZC2weuetI\naoIwsN6AWuugKaBi4xI1o4F6HE/0GC1aibwbgQ9kZGrus4jAhXGcdQ9WFD8ZZRiF\n+LZToak933HrCQpdP01Il4XVfBzsaF8KANMITDJXYKoEbZxWBnkgsgg4twQIn0uk\nCvuSYMI2GoxQ/EIQDVJV4o53FtKXAXATO+9bEet4VxNJsphiHEg/7sEyK0ZjbrF4\ng3uRuiaGYT2QZg9ifrSOFsmbypMRbj//6R/lfZR1AoIBAGWWij3ZN7uxx6HwhPyn\nAWzmoCjM6y2EBt3TAMTFLcU2idYwjWcidMssv6/2NGRNrkLj0HoYeCyrl8lFhcDQ\nv/vWFihtoBV+fUQBGI+yztHeSyk38zFQjpng8AUEE6FC4YIOwI/xqifCLiLSlYNz\nJ2uFQfrtVh7ql6NBONr2u7QEFAr6bMXCPow1U/sBlDyqbrrKN7JM9ZdX8pwSzjig\nC6q+gEGT9tL3W6nFHw+Ddf03Je1XqL4nc3L087vYN56prY3oiN4E4+53AKPHKnvK\nWDSh8qJ2bR3UD8tFqqWtj8kNvk+Dz/FMWVz0Jjrs3qadbqRKI/9Rgz721fZNq1nq\njPMCggEBAJHWHcddJcrffghh9HSArzqydpTENB2PFw0HReRRTlH8dno9Va1O9w2a\npqE3T4niSe+M7xORwq+Hv6/m7XunCZU+0oVX8LjkxMEB9VOsnog9uoXhE5oewMb7\nOBXAuZGwu3wjpuek2f05MP7O3dbb4/jRI5CmDoxIlcxQJdbb8VkG6e/Bni5WV+I1\nTL8joRWnLqaOpOqwGbPVXXNaxEj+SKzWdPP43IRHV00uvzEwlfA7V20m587bqtGI\nGeLPRogtDHwqTcK9BxnK83oIo4UE3sIGLG5+FMnRv+t1EOuK+OwK63OPUkp7mrUj\npsivHpJ9wzJh8w0n0+HX/6dzYk+7NBs=\n-----END PRIVATE KEY-----\n",
            "public_key_fingerprint_md5": "07:3a:d1:db:7c:8e:7d:52:a2:94:dc:88:9b:b9:e9:76",
            "public_key_fingerprint_sha256": "SHA256:8Y42je6Q8tzHItP4vTNh31ySez/F+SPOzKjy1FkAPt8",
            "public_key_openssh": "ssh-rsa AAAAB3NzaC1yc2EAAAADAQABAAACAQC4nf5mv5R7EQVBMB11LBxm8Sf1U0hWrOpZ2AvoO/Ab0BjtRJGmSJjAl8FZYN1VRnWGPcmbOco5THImENmmcDvuMVywbuo+91wCfjXlbwkzHHPU83OfYpSGJPIJ8uHbCOj7XBsk2k/QSHHNIDUO6toYkBcg/ThOGlMqZjMrjGsDzCpT9lAnBRJG2veQqU2AGdKqLoiiLlk8skuG9KiJ7lffWDd99AAWzrRfAsLslyobXAgfSp1keABX6vhx7I8fcs1zXAphK78payf3LFci6PLe9F5DExEVv96yGO29G8S46SNqn1Urm/vhwW3vYseGoDqHYQGH13yW8u8dvREiaKZhdxb4zqEx+rviLae5y5MVsFHZ6rL2IMzhGxCOzv2uMRwbxVOwjiPEoz4pTQ+cTj4AV+Dsi2Jm5vYHiKKt0yn5BbIszbKgx/1g9aghPngeaSC4xZAVHOC7k+TbpYvF0l2/I36UMM3r9Ghz/X6uaU66aCg8an1whywIKlSdZK86W+wSWsC7mjULhW5D4eWQAtGzRjA8FZmS4zzV+xEWlaMyUTjqEYAw4euFLcBSY3W8WtCfErNqjHmUKU4Ean7VszXv72hyVCBKfMt1v9l2c9Djb9rIxPn5SQqW11YVie0FiZBfUgnShp92jO5k7pcAqP41fICzUihE+GtvJF0FVgCkow==\n",
            "public_key_pem": "-----BEGIN PUBLIC KEY-----\nMIICIjANBgkqhkiG9w0BAQEFAAOCAg8AMIICCgKCAgEAuJ3+Zr+UexEFQTAddSwc\nZvEn9VNIVqzqWdgL6DvwG9AY7USRpkiYwJfBWWDdVUZ1hj3JmznKOUxyJhDZpnA7\n7jFcsG7qPvdcAn415W8JMxxz1PNzn2KUhiTyCfLh2wjo+1wbJNpP0EhxzSA1Dura\nGJAXIP04ThpTKmYzK4xrA8wqU/ZQJwUSRtr3kKlNgBnSqi6Ioi5ZPLJLhvSoie5X\n31g3ffQAFs60XwLC7JcqG1wIH0qdZHgAV+r4ceyPH3LNc1wKYSu/KWsn9yxXIujy\n3vReQxMRFb/eshjtvRvEuOkjap9VK5v74cFt72LHhqA6h2EBh9d8lvLvHb0RImim\nYXcW+M6hMfq74i2nucuTFbBR2eqy9iDM4RsQjs79rjEcG8VTsI4jxKM+KU0PnE4+\nAFfg7ItiZub2B4iirdMp+QWyLM2yoMf9YPWoIT54HmkguMWQFRzgu5Pk26WLxdJd\nvyN+lDDN6/Roc/1+rmlOumgoPGp9cIcsCCpUnWSvOlvsElrAu5o1C4VuQ+HlkALR\ns0YwPBWZkuM81fsRFpWjMlE46hGAMOHrhS3AUmN1vFrQnxKzaox5lClOBGp+1bM1\n7+9oclQgSnzLdb/ZdnPQ42/ayMT5+UkKltdWFYntBYmQX1IJ0oafdozuZO6XAKj+\nNXyAs1IoRPhrbyRdBVYApKMCAwEAAQ==\n-----END PUBLIC KEY-----\n",
            "rsa_bits": 4096
          },
          "sensitive_attributes": [
            [
              {
                "type": "get_attr",
                "value": "private_key_openssh"
              }
            ],
            [
              {
                "type": "get_attr",
                "value": "private_key_pem"
              }
            ],
            [
              {
                "type": "get_attr",
                "value": "private_key_pem_pkcs8"
              }
            ]
          ],
          "identity_schema_version": 0
        }
      ]
    }
  ],
  "check_results": null
}
